// !$*UTF8*$!
{
	archiveVersion = 1;
	classes = {
	};
	objectVersion = 46;
	objects = {

/* Begin PBXBuildFile section */
		AAD3965A1F0FC13900B9C8B7 /* AppDelegate.swift in Sources */ = {isa = PBXBuildFile; fileRef = AAD396591F0FC13900B9C8B7 /* AppDelegate.swift */; };
		AAD396601F0FC13900B9C8B7 /* GameScene.swift in Sources */ = {isa = PBXBuildFile; fileRef = AAD3965F1F0FC13900B9C8B7 /* GameScene.swift */; };
		AAD396621F0FC13900B9C8B7 /* GameViewController.swift in Sources */ = {isa = PBXBuildFile; fileRef = AAD396611F0FC13900B9C8B7 /* GameViewController.swift */; };
		AAD396651F0FC13900B9C8B7 /* Main.storyboard in Resources */ = {isa = PBXBuildFile; fileRef = AAD396631F0FC13900B9C8B7 /* Main.storyboard */; };
		AAD396671F0FC13900B9C8B7 /* Assets.xcassets in Resources */ = {isa = PBXBuildFile; fileRef = AAD396661F0FC13900B9C8B7 /* Assets.xcassets */; };
		AAD3966A1F0FC13900B9C8B7 /* LaunchScreen.storyboard in Resources */ = {isa = PBXBuildFile; fileRef = AAD396681F0FC13900B9C8B7 /* LaunchScreen.storyboard */; };
/* End PBXBuildFile section */

/* Begin PBXFileReference section */
		AAD396561F0FC13900B9C8B7 /* Shooter.app */ = {isa = PBXFileReference; explicitFileType = wrapper.application; includeInIndex = 0; path = Shooter.app; sourceTree = BUILT_PRODUCTS_DIR; };
		AAD396591F0FC13900B9C8B7 /* AppDelegate.swift */ = {isa = PBXFileReference; lastKnownFileType = sourcecode.swift; path = AppDelegate.swift; sourceTree = "<group>"; };
		AAD3965F1F0FC13900B9C8B7 /* GameScene.swift */ = {isa = PBXFileReference; lastKnownFileType = sourcecode.swift; path = GameScene.swift; sourceTree = "<group>"; };
		AAD396611F0FC13900B9C8B7 /* GameViewController.swift */ = {isa = PBXFileReference; lastKnownFileType = sourcecode.swift; path = GameViewController.swift; sourceTree = "<group>"; };
		AAD396641F0FC13900B9C8B7 /* Base */ = {isa = PBXFileReference; lastKnownFileType = file.storyboard; name = Base; path = Base.lproj/Main.storyboard; sourceTree = "<group>"; };
		AAD396661F0FC13900B9C8B7 /* Assets.xcassets */ = {isa = PBXFileReference; lastKnownFileType = folder.assetcatalog; path = Assets.xcassets; sourceTree = "<group>"; };
		AAD396691F0FC13900B9C8B7 /* Base */ = {isa = PBXFileReference; lastKnownFileType = file.storyboard; name = Base; path = Base.lproj/LaunchScreen.storyboard; sourceTree = "<group>"; };
		AAD3966B1F0FC13900B9C8B7 /* Info.plist */ = {isa = PBXFileReference; lastKnownFileType = text.plist.xml; path = Info.plist; sourceTree = "<group>"; };
/* End PBXFileReference section */

/* Begin PBXFrameworksBuildPhase section */
		AAD396531F0FC13900B9C8B7 /* Frameworks */ = {
			isa = PBXFrameworksBuildPhase;
			buildActionMask = 2147483647;
			files = (
			);
			runOnlyForDeploymentPostprocessing = 0;
		};
/* End PBXFrameworksBuildPhase section */

/* Begin PBXGroup section */
		AAD3964D1F0FC13900B9C8B7 = {
			isa = PBXGroup;
			children = (
				AAD396581F0FC13900B9C8B7 /* Shooter */,
				AAD396571F0FC13900B9C8B7 /* Products */,
			);
			sourceTree = "<group>";
		};
		AAD396571F0FC13900B9C8B7 /* Products */ = {
			isa = PBXGroup;
			children = (
				AAD396561F0FC13900B9C8B7 /* Shooter.app */,
			);
			name = Products;
			sourceTree = "<group>";
		};
		AAD396581F0FC13900B9C8B7 /* Shooter */ = {
			isa = PBXGroup;
			children = (
				AAD396591F0FC13900B9C8B7 /* AppDelegate.swift */,
				AAD396611F0FC13900B9C8B7 /* GameViewController.swift */,
				AAD3965F1F0FC13900B9C8B7 /* GameScene.swift */,
				AAD396631F0FC13900B9C8B7 /* Main.storyboard */,
				AAD396661F0FC13900B9C8B7 /* Assets.xcassets */,
				AAD396681F0FC13900B9C8B7 /* LaunchScreen.storyboard */,
				AAD3966B1F0FC13900B9C8B7 /* Info.plist */,
			);
			path = Shooter;
			sourceTree = "<group>";
		};
/* End PBXGroup section */

/* Begin PBXNativeTarget section */
		AAD396551F0FC13900B9C8B7 /* Shooter */ = {
			isa = PBXNativeTarget;
			buildConfigurationList = AAD3966E1F0FC13900B9C8B7 /* Build configuration list for PBXNativeTarget "Shooter" */;
			buildPhases = (
				AAD396521F0FC13900B9C8B7 /* Sources */,
				AAD396531F0FC13900B9C8B7 /* Frameworks */,
				AAD396541F0FC13900B9C8B7 /* Resources */,
			);
			buildRules = (
			);
			dependencies = (
			);
			name = Shooter;
			productName = Shooter;
			productReference = AAD396561F0FC13900B9C8B7 /* Shooter.app */;
			productType = "com.apple.product-type.application";
		};
/* End PBXNativeTarget section */

/* Begin PBXProject section */
		AAD3964E1F0FC13900B9C8B7 /* Project object */ = {
			isa = PBXProject;
			attributes = {
				LastSwiftUpdateCheck = 0830;
				LastUpgradeCheck = 0830;
				ORGANIZATIONNAME = muhdmirzamz;
				TargetAttributes = {
					AAD396551F0FC13900B9C8B7 = {
						CreatedOnToolsVersion = 8.3.3;
						DevelopmentTeam = 5Y8ZVY4N62;
						ProvisioningStyle = Automatic;
					};
				};
			};
			buildConfigurationList = AAD396511F0FC13900B9C8B7 /* Build configuration list for PBXProject "Shooter" */;
			compatibilityVersion = "Xcode 3.2";
			developmentRegion = English;
			hasScannedForEncodings = 0;
			knownRegions = (
				en,
				Base,
			);
			mainGroup = AAD3964D1F0FC13900B9C8B7;
			productRefGroup = AAD396571F0FC13900B9C8B7 /* Products */;
			projectDirPath = "";
			projectRoot = "";
			targets = (
				AAD396551F0FC13900B9C8B7 /* Shooter */,
			);
		};
/* End PBXProject section */

/* Begin PBXResourcesBuildPhase section */
		AAD396541F0FC13900B9C8B7 /* Resources */ = {
			isa = PBXResourcesBuildPhase;
			buildActionMask = 2147483647;
			files = (
				AAD396651F0FC13900B9C8B7 /* Main.storyboard in Resources */,
				AAD396671F0FC13900B9C8B7 /* Assets.xcassets in Resources */,
				AAD3966A1F0FC13900B9C8B7 /* LaunchScreen.storyboard in Resources */,
			);
			runOnlyForDeploymentPostprocessing = 0;
		};
/* End PBXResourcesBuildPhase section */

/* Begin PBXSourcesBuildPhase section */
		AAD396521F0FC13900B9C8B7 /* Sources */ = {
			isa = PBXSourcesBuildPhase;
			buildActionMask = 2147483647;
			files = (
				AAD396601F0FC13900B9C8B7 /* GameScene.swift in Sources */,
				AAD396621F0FC13900B9C8B7 /* GameViewController.swift in Sources */,
				AAD3965A1F0FC13900B9C8B7 /* AppDelegate.swift in Sources */,
			);
			runOnlyForDeploymentPostprocessing = 0;
		};
/* End PBXSourcesBuildPhase section */

/* Begin PBXVariantGroup section */
		AAD396631F0FC13900B9C8B7 /* Main.storyboard */ = {
			isa = PBXVariantGroup;
			children = (
				AAD396641F0FC13900B9C8B7 /* Base */,
			);
			name = Main.storyboard;
			sourceTree = "<group>";
		};
		AAD396681F0FC13900B9C8B7 /* LaunchScreen.storyboard */ = {
			isa = PBXVariantGroup;
			children = (
				AAD396691F0FC13900B9C8B7 /* Base */,
			);
			name = LaunchScreen.storyboard;
			sourceTree = "<group>";
		};
/* End PBXVariantGroup section */

/* Begin XCBuildConfiguration section */
		AAD3966C1F0FC13900B9C8B7 /* Debug */ = {
			isa = XCBuildConfiguration;
			buildSettings = {
				ALWAYS_SEARCH_USER_PATHS = NO;
				CLANG_ANALYZER_NONNULL = YES;
				CLANG_ANALYZER_NUMBER_OBJECT_CONVERSION = YES_AGGRESSIVE;
				CLANG_CXX_LANGUAGE_STANDARD = "gnu++0x";
				CLANG_CXX_LIBRARY = "libc++";
				CLANG_ENABLE_MODULES = YES;
				CLANG_ENABLE_OBJC_ARC = YES;
				CLANG_WARN_BOOL_CONVERSION = YES;
				CLANG_WARN_CONSTANT_CONVERSION = YES;
				CLANG_WARN_DIRECT_OBJC_ISA_USAGE = YES_ERROR;
				CLANG_WARN_DOCUMENTATION_COMMENTS = YES;
				CLANG_WARN_EMPTY_BODY = YES;
				CLANG_WARN_ENUM_CONVERSION = YES;
				CLANG_WARN_INFINITE_RECURSION = YES;
				CLANG_WARN_INT_CONVERSION = YES;
				CLANG_WARN_OBJC_ROOT_CLASS = YES_ERROR;
				CLANG_WARN_SUSPICIOUS_MOVE = YES;
				CLANG_WARN_UNREACHABLE_CODE = YES;
				CLANG_WARN__DUPLICATE_METHOD_MATCH = YES;
				"CODE_SIGN_IDENTITY[sdk=iphoneos*]" = "iPhone Developer";
				COPY_PHASE_STRIP = NO;
				DEBUG_INFORMATION_FORMAT = dwarf;
				ENABLE_STRICT_OBJC_MSGSEND = YES;
				ENABLE_TESTABILITY = YES;
				GCC_C_LANGUAGE_STANDARD = gnu99;
				GCC_DYNAMIC_NO_PIC = NO;
				GCC_NO_COMMON_BLOCKS = YES;
				GCC_OPTIMIZATION_LEVEL = 0;
				GCC_PREPROCESSOR_DEFINITIONS = (
					"DEBUG=1",
					"$(inherited)",
				);
				GCC_WARN_64_TO_32_BIT_CONVERSION = YES;
				GCC_WARN_ABOUT_RETURN_TYPE = YES_ERROR;
				GCC_WARN_UNDECLARED_SELECTOR = YES;
				GCC_WARN_UNINITIALIZED_AUTOS = YES_AGGRESSIVE;
				GCC_WARN_UNUSED_FUNCTION = YES;
				GCC_WARN_UNUSED_VARIABLE = YES;
				IPHONEOS_DEPLOYMENT_TARGET = 10.3;
				MTL_ENABLE_DEBUG_INFO = YES;
				ONLY_ACTIVE_ARCH = YES;
				SDKROOT = iphoneos;
				SWIFT_ACTIVE_COMPILATION_CONDITIONS = DEBUG;
				SWIFT_OPTIMIZATION_LEVEL = "-Onone";
			};
			name = Debug;
		};
		AAD3966D1F0FC13900B9C8B7 /* Release */ = {
			isa = XCBuildConfiguration;
			buildSettings = {
				ALWAYS_SEARCH_USER_PATHS = NO;
				CLANG_ANALYZER_NONNULL = YES;
				CLANG_ANALYZER_NUMBER_OBJECT_CONVERSION = YES_AGGRESSIVE;
				CLANG_CXX_LANGUAGE_STANDARD = "gnu++0x";
				CLANG_CXX_LIBRARY = "libc++";
				CLANG_ENABLE_MODULES = YES;
				CLANG_ENABLE_OBJC_ARC = YES;
				CLANG_WARN_BOOL_CONVERSION = YES;
				CLANG_WARN_CONSTANT_CONVERSION = YES;
				CLANG_WARN_DIRECT_OBJC_ISA_USAGE = YES_ERROR;
				CLANG_WARN_DOCUMENTATION_COMMENTS = YES;
				CLANG_WARN_EMPTY_BODY = YES;
				CLANG_WARN_ENUM_CONVERSION = YES;
				CLANG_WARN_INFINITE_RECURSION = YES;
				CLANG_WARN_INT_CONVERSION = YES;
				CLANG_WARN_OBJC_ROOT_CLASS = YES_ERROR;
				CLANG_WARN_SUSPICIOUS_MOVE = YES;
				CLANG_WARN_UNREACHABLE_CODE = YES;
				CLANG_WARN__DUPLICATE_METHOD_MATCH = YES;
				"CODE_SIGN_IDENTITY[sdk=iphoneos*]" = "iPhone Developer";
				COPY_PHASE_STRIP = NO;
				DEBUG_INFORMATION_FORMAT = "dwarf-with-dsym";
				ENABLE_NS_ASSERTIONS = NO;
				ENABLE_STRICT_OBJC_MSGSEND = YES;
				GCC_C_LANGUAGE_STANDARD = gnu99;
				GCC_NO_COMMON_BLOCKS = YES;
				GCC_WARN_64_TO_32_BIT_CONVERSION = YES;
				GCC_WARN_ABOUT_RETURN_TYPE = YES_ERROR;
				GCC_WARN_UNDECLARED_SELECTOR = YES;
				GCC_WARN_UNINITIALIZED_AUTOS = YES_AGGRESSIVE;
				GCC_WARN_UNUSED_FUNCTION = YES;
				GCC_WARN_UNUSED_VARIABLE = YES;
				IPHONEOS_DEPLOYMENT_TARGET = 10.3;
				MTL_ENABLE_DEBUG_INFO = NO;
				SDKROOT = iphoneos;
				SWIFT_OPTIMIZATION_LEVEL = "-Owholemodule";
				VALIDATE_PRODUCT = YES;
			};
			name = Release;
		};
		AAD3966F1F0FC13900B9C8B7 /* Debug */ = {
			isa = XCBuildConfiguration;
			buildSettings = {
				ASSETCATALOG_COMPILER_APPICON_NAME = AppIcon;
				DEVELOPMENT_TEAM = 5Y8ZVY4N62;
				INFOPLIST_FILE = Shooter/Info.plist;
				LD_RUNPATH_SEARCH_PATHS = "$(inherited) @executable_path/Frameworks";
				PRODUCT_BUNDLE_IDENTIFIER = muhdmirzamz.Shooter;
				PRODUCT_NAME = "$(TARGET_NAME)";
				SWIFT_VERSION = 3.0;
			};
			name = Debug;
		};
		AAD396701F0FC13900B9C8B7 /* Release */ = {
			isa = XCBuildConfiguration;
			buildSettings = {
				ASSETCATALOG_COMPILER_APPICON_NAME = AppIcon;
				DEVELOPMENT_TEAM = 5Y8ZVY4N62;
				INFOPLIST_FILE = Shooter/Info.plist;
				LD_RUNPATH_SEARCH_PATHS = "$(inherited) @executable_path/Frameworks";
				PRODUCT_BUNDLE_IDENTIFIER = muhdmirzamz.Shooter;
				PRODUCT_NAME = "$(TARGET_NAME)";
				SWIFT_VERSION = 3.0;
			};
			name = Release;
		};
/* End XCBuildConfiguration section */

/* Begin XCConfigurationList section */
		AAD396511F0FC13900B9C8B7 /* Build configuration list for PBXProject "Shooter" */ = {
			isa = XCConfigurationList;
			buildConfigurations = (
				AAD3966C1F0FC13900B9C8B7 /* Debug */,
				AAD3966D1F0FC13900B9C8B7 /* Release */,
			);
			defaultConfigurationIsVisible = 0;
			defaultConfigurationName = Release;
		};
		AAD3966E1F0FC13900B9C8B7 /* Build configuration list for PBXNativeTarget "Shooter" */ = {
			isa = XCConfigurationList;
			buildConfigurations = (
				AAD3966F1F0FC13900B9C8B7 /* Debug */,
				AAD396701F0FC13900B9C8B7 /* Release */,
			);
			defaultConfigurationIsVisible = 0;
		};
/* End XCConfigurationList section */
	};
	rootObject = AAD3964E1F0FC13900B9C8B7 /* Project object */;
}
